{
  "name": "gitbook-plugin-websequencediagrams-generator",
  "version": "1.0.2",
  "lockfileVersion": 1,
  "requires": true,
  "dependencies": {
    "@onegini/websequencediagrams": {
      "version": "0.0.5",
      "resolved": "https://registry.npmjs.org/@onegini/websequencediagrams/-/websequencediagrams-0.0.5.tgz",
      "integrity": "sha512-rokZLGCtGpH8FMWPqbC20xS9CR+2YuQRqmD5AZZvnpWh7KHIpB/4WWuyuU/Sq+Ifb6qLwPhkv382hugyH6S3rw==",
      "requires": {
        "optimist": "~0.3.4"
      }
    },
    "amdefine": {
      "version": "1.0.1",
      "resolved": "https://repo.onegini.com/artifactory/api/npm/public-npm/amdefine/-/amdefine-1.0.1.tgz",
      "integrity": "sha1-SlKCrBZHKek2Gbz9OtFR+BfOkfU="
    },
    "async": {
      "version": "0.2.10",
      "resolved": "https://repo.onegini.com/artifactory/api/npm/public-npm/async/-/async-0.2.10.tgz",
      "integrity": "sha1-trvgsGdLnXGXCMo43owjfLUmw9E="
    },
    "fs": {
      "version": "0.0.1-security",
      "resolved": "https://repo.onegini.com/artifactory/api/npm/public-npm/fs/-/fs-0.0.1-security.tgz",
      "integrity": "sha1-invTcYa23d84E/I4WLV+yq9eQdQ="
    },
    "gitbook-plugin": {
      "version": "0.0.2",
      "resolved": "https://repo.onegini.com/artifactory/api/npm/public-npm/gitbook-plugin/-/gitbook-plugin-0.0.2.tgz",
      "integrity": "sha1-mFRkxg08nVxKL6mQFJz+h5Y13y8=",
      "dev": true
    },
    "inherits": {
      "version": "2.0.3",
      "resolved": "https://repo.onegini.com/artifactory/api/npm/public-npm/inherits/-/inherits-2.0.3.tgz",
      "integrity": "sha1-Yzwsg+PaQqUC9SRmAiSA9CCCYd4="
    },
    "minimist": {
      "version": "0.0.8",
      "resolved": "https://repo.onegini.com/artifactory/api/npm/public-npm/minimist/-/minimist-0.0.8.tgz",
      "integrity": "sha1-hX/Kv8M5fSYluCKCYuhqp6ARsF0="
    },
    "mkdirp": {
      "version": "0.5.1",
      "resolved": "https://repo.onegini.com/artifactory/api/npm/public-npm/mkdirp/-/mkdirp-0.5.1.tgz",
      "integrity": "sha1-MAV0OOrGz3+MR2fzhkjWaX11yQM=",
      "requires": {
        "minimist": "0.0.8"
      }
    },
    "optimist": {
      "version": "0.3.7",
      "resolved": "https://repo.onegini.com/artifactory/api/npm/public-npm/optimist/-/optimist-0.3.7.tgz",
      "integrity": "sha1-yQlBrVnkJzMokjB00s8ufLxuwNk=",
      "requires": {
        "wordwrap": "~0.0.2"
      }
    },
    "path": {
      "version": "0.12.7",
      "resolved": "https://repo.onegini.com/artifactory/api/npm/public-npm/path/-/path-0.12.7.tgz",
      "integrity": "sha1-1NwqUGxM4hl+tIHr/NWzbAFAsQ8=",
      "requires": {
        "process": "^0.11.1",
        "util": "^0.10.3"
      }
    },
    "process": {
      "version": "0.11.10",
      "resolved": "https://repo.onegini.com/artifactory/api/npm/public-npm/process/-/process-0.11.10.tgz",
      "integrity": "sha1-czIwDoQBYb2j5podHZGn1LwW8YI="
    },
    "q": {
      "version": "1.5.1",
      "resolved": "https://repo.onegini.com/artifactory/api/npm/public-npm/q/-/q-1.5.1.tgz",
      "integrity": "sha1-fjL3W0E4EpHQRhHxvxQQmsAGUdc="
    },
    "require": {
      "version": "2.4.20",
      "resolved": "https://registry.npmjs.org/require/-/require-2.4.20.tgz",
      "integrity": "sha1-Zstrqqu2XeinHXk/XGX9GE83mLY=",
      "requires": {
        "std": "0.1.40",
        "uglify-js": "2.3.0"
      },
      "dependencies": {
        "source-map": {
          "version": "0.1.43",
          "resolved": "https://registry.npmjs.org/source-map/-/source-map-0.1.43.tgz",
          "integrity": "sha1-wkvBRspRfBRx9drL4lcbK3+eM0Y=",
          "requires": {
            "amdefine": ">=0.0.4"
          }
        },
        "uglify-js": {
          "version": "2.3.0",
          "resolved": "https://registry.npmjs.org/uglify-js/-/uglify-js-2.3.0.tgz",
          "integrity": "sha1-LN7BbTeKiituz7aYl4TPi3rlSR8=",
          "requires": {
            "async": "~0.2.6",
            "optimist": "~0.3.5",
            "source-map": "~0.1.7"
          }
        }
      }
    },
    "std": {
      "version": "0.1.40",
      "resolved": "https://repo.onegini.com/artifactory/api/npm/public-npm/std/-/std-0.1.40.tgz",
      "integrity": "sha1-Nnil9lCU2eG2teJu2/wCErg0K3E="
    },
    "util": {
      "version": "0.10.4",
      "resolved": "https://repo.onegini.com/artifactory/api/npm/public-npm/util/-/util-0.10.4.tgz",
      "integrity": "sha1-OqASW/5mikZy3liFfTrOJ+y3aQE=",
      "requires": {
        "inherits": "2.0.3"
      }
    },
    "wordwrap": {
      "version": "0.0.3",
      "resolved": "https://repo.onegini.com/artifactory/api/npm/public-npm/wordwrap/-/wordwrap-0.0.3.tgz",
      "integrity": "sha1-o9XabNXAvAAI03I0u68b7WMFkQc="
    }
  }
}
